// !$*UTF8*$!
{
	archiveVersion = 1;
	classes = {
	};
	objectVersion = 56;
	objects = {

/* Begin PBXBuildFile section */
		FF2FF5D12AD7EF8E00689631 /* BASSApp.swift in Sources */ = {isa = PBXBuildFile; fileRef = FF2FF5D02AD7EF8E00689631 /* BASSApp.swift */; };
		FF2FF5D32AD7EF8E00689631 /* ContentView.swift in Sources */ = {isa = PBXBuildFile; fileRef = FF2FF5D22AD7EF8E00689631 /* ContentView.swift */; };
		FF2FF5D52AD7EF8F00689631 /* Assets.xcassets in Resources */ = {isa = PBXBuildFile; fileRef = FF2FF5D42AD7EF8F00689631 /* Assets.xcassets */; };
		FF2FF5D82AD7EF8F00689631 /* Preview Assets.xcassets in Resources */ = {isa = PBXBuildFile; fileRef = FF2FF5D72AD7EF8F00689631 /* Preview Assets.xcassets */; };
		FF2FF5DF2AD7F12300689631 /* texxxt.swift in Sources */ = {isa = PBXBuildFile; fileRef = FF2FF5DE2AD7F12300689631 /* texxxt.swift */; };
		FF2FF5E12AD7F13B00689631 /* SwiftUIVieww.swift in Sources */ = {isa = PBXBuildFile; fileRef = FF2FF5E02AD7F13B00689631 /* SwiftUIVieww.swift */; };
		FF2FF5E52ADB2D1D00689631 /* forms.swift in Sources */ = {isa = PBXBuildFile; fileRef = FF2FF5E42ADB2D1D00689631 /* forms.swift */; };
		FF2FF5E72ADBEC5300689631 /* moodboard2.swift in Sources */ = {isa = PBXBuildFile; fileRef = FF2FF5E62ADBEC5300689631 /* moodboard2.swift */; };
		FF2FF5E92ADD151700689631 /* Tajawal-Medium.ttf in Resources */ = {isa = PBXBuildFile; fileRef = FF2FF5E82ADD151700689631 /* Tajawal-Medium.ttf */; };
		FF2FF5EC2ADD20C100689631 /* ImageModifier.swift in Sources */ = {isa = PBXBuildFile; fileRef = FF2FF5EB2ADD20C100689631 /* ImageModifier.swift */; };
/* End PBXBuildFile section */

/* Begin PBXFileReference section */
		FF2FF5CD2AD7EF8E00689631 /* BASS.app */ = {isa = PBXFileReference; explicitFileType = wrapper.application; includeInIndex = 0; path = BASS.app; sourceTree = BUILT_PRODUCTS_DIR; };
		FF2FF5D02AD7EF8E00689631 /* BASSApp.swift */ = {isa = PBXFileReference; lastKnownFileType = sourcecode.swift; path = BASSApp.swift; sourceTree = "<group>"; };
		FF2FF5D22AD7EF8E00689631 /* ContentView.swift */ = {isa = PBXFileReference; lastKnownFileType = sourcecode.swift; path = ContentView.swift; sourceTree = "<group>"; };
		FF2FF5D42AD7EF8F00689631 /* Assets.xcassets */ = {isa = PBXFileReference; lastKnownFileType = folder.assetcatalog; path = Assets.xcassets; sourceTree = "<group>"; };
		FF2FF5D72AD7EF8F00689631 /* Preview Assets.xcassets */ = {isa = PBXFileReference; lastKnownFileType = folder.assetcatalog; path = "Preview Assets.xcassets"; sourceTree = "<group>"; };
		FF2FF5DE2AD7F12300689631 /* texxxt.swift */ = {isa = PBXFileReference; lastKnownFileType = sourcecode.swift; path = texxxt.swift; sourceTree = "<group>"; };
		FF2FF5E02AD7F13B00689631 /* SwiftUIVieww.swift */ = {isa = PBXFileReference; lastKnownFileType = sourcecode.swift; path = SwiftUIVieww.swift; sourceTree = "<group>"; };
		FF2FF5E42ADB2D1D00689631 /* forms.swift */ = {isa = PBXFileReference; lastKnownFileType = sourcecode.swift; path = forms.swift; sourceTree = "<group>"; };
		FF2FF5E62ADBEC5300689631 /* moodboard2.swift */ = {isa = PBXFileReference; lastKnownFileType = sourcecode.swift; path = moodboard2.swift; sourceTree = "<group>"; };
		FF2FF5E82ADD151700689631 /* Tajawal-Medium.ttf */ = {isa = PBXFileReference; lastKnownFileType = file; path = "Tajawal-Medium.ttf"; sourceTree = "<group>"; };
		FF2FF5EA2ADD15CB00689631 /* Info.plist */ = {isa = PBXFileReference; lastKnownFileType = text.plist; path = Info.plist; sourceTree = "<group>"; };
		FF2FF5EB2ADD20C100689631 /* ImageModifier.swift */ = {isa = PBXFileReference; lastKnownFileType = sourcecode.swift; path = ImageModifier.swift; sourceTree = "<group>"; };
/* End PBXFileReference section */

/* Begin PBXFrameworksBuildPhase section */
		FF2FF5CA2AD7EF8E00689631 /* Frameworks */ = {
			isa = PBXFrameworksBuildPhase;
			buildActionMask = 2147483647;
			files = (
			);
			runOnlyForDeploymentPostprocessing = 0;
		};
/* End PBXFrameworksBuildPhase section */

/* Begin PBXGroup section */
		FF2FF5C42AD7EF8E00689631 = {
			isa = PBXGroup;
			children = (
				FF2FF5E82ADD151700689631 /* Tajawal-Medium.ttf */,
				FF2FF5CF2AD7EF8E00689631 /* BASS */,
				FF2FF5CE2AD7EF8E00689631 /* Products */,
			);
			sourceTree = "<group>";
		};
		FF2FF5CE2AD7EF8E00689631 /* Products */ = {
			isa = PBXGroup;
			children = (
				FF2FF5CD2AD7EF8E00689631 /* BASS.app */,
			);
			name = Products;
			sourceTree = "<group>";
		};
		FF2FF5CF2AD7EF8E00689631 /* BASS */ = {
			isa = PBXGroup;
			children = (
				FF2FF5EA2ADD15CB00689631 /* Info.plist */,
				FF2FF5D02AD7EF8E00689631 /* BASSApp.swift */,
				FF2FF5D22AD7EF8E00689631 /* ContentView.swift */,
				FF2FF5E62ADBEC5300689631 /* moodboard2.swift */,
				FF2FF5E42ADB2D1D00689631 /* forms.swift */,
				FF2FF5E02AD7F13B00689631 /* SwiftUIVieww.swift */,
				FF2FF5DE2AD7F12300689631 /* texxxt.swift */,
				FF2FF5EB2ADD20C100689631 /* ImageModifier.swift */,
				FF2FF5D42AD7EF8F00689631 /* Assets.xcassets */,
				FF2FF5D62AD7EF8F00689631 /* Preview Content */,
			);
			path = BASS;
			sourceTree = "<group>";
		};
		FF2FF5D62AD7EF8F00689631 /* Preview Content */ = {
			isa = PBXGroup;
			children = (
				FF2FF5D72AD7EF8F00689631 /* Preview Assets.xcassets */,
			);
			path = "Preview Content";
			sourceTree = "<group>";
		};
/* End PBXGroup section */

/* Begin PBXNativeTarget section */
		FF2FF5CC2AD7EF8E00689631 /* BASS */ = {
			isa = PBXNativeTarget;
			buildConfigurationList = FF2FF5DB2AD7EF8F00689631 /* Build configuration list for PBXNativeTarget "BASS" */;
			buildPhases = (
				FF2FF5C92AD7EF8E00689631 /* Sources */,
				FF2FF5CA2AD7EF8E00689631 /* Frameworks */,
				FF2FF5CB2AD7EF8E00689631 /* Resources */,
			);
			buildRules = (
			);
			dependencies = (
			);
			name = BASS;
			productName = BASS;
			productReference = FF2FF5CD2AD7EF8E00689631 /* BASS.app */;
			productType = "com.apple.product-type.application";
		};
/* End PBXNativeTarget section */

/* Begin PBXProject section */
		FF2FF5C52AD7EF8E00689631 /* Project object */ = {
			isa = PBXProject;
			attributes = {
				BuildIndependentTargetsInParallel = 1;
				LastSwiftUpdateCheck = 1500;
				LastUpgradeCheck = 1500;
				TargetAttributes = {
					FF2FF5CC2AD7EF8E00689631 = {
						CreatedOnToolsVersion = 15.0;
					};
				};
			};
			buildConfigurationList = FF2FF5C82AD7EF8E00689631 /* Build configuration list for PBXProject "BASS" */;
			compatibilityVersion = "Xcode 14.0";
			developmentRegion = en;
			hasScannedForEncodings = 0;
			knownRegions = (
				en,
				Base,
			);
			mainGroup = FF2FF5C42AD7EF8E00689631;
			productRefGroup = FF2FF5CE2AD7EF8E00689631 /* Products */;
			projectDirPath = "";
			projectRoot = "";
			targets = (
				FF2FF5CC2AD7EF8E00689631 /* BASS */,
			);
		};
/* End PBXProject section */

/* Begin PBXResourcesBuildPhase section */
		FF2FF5CB2AD7EF8E00689631 /* Resources */ = {
			isa = PBXResourcesBuildPhase;
			buildActionMask = 2147483647;
			files = (
				FF2FF5D82AD7EF8F00689631 /* Preview Assets.xcassets in Resources */,
				FF2FF5E92ADD151700689631 /* Tajawal-Medium.ttf in Resources */,
				FF2FF5D52AD7EF8F00689631 /* Assets.xcassets in Resources */,
			);
			runOnlyForDeploymentPostprocessing = 0;
		};
/* End PBXResourcesBuildPhase section */

/* Begin PBXSourcesBuildPhase section */
		FF2FF5C92AD7EF8E00689631 /* Sources */ = {
			isa = PBXSourcesBuildPhase;
			buildActionMask = 2147483647;
			files = (
				FF2FF5D32AD7EF8E00689631 /* ContentView.swift in Sources */,
				FF2FF5EC2ADD20C100689631 /* ImageModifier.swift in Sources */,
				FF2FF5D12AD7EF8E00689631 /* BASSApp.swift in Sources */,
				FF2FF5E52ADB2D1D00689631 /* forms.swift in Sources */,
				FF2FF5E72ADBEC5300689631 /* moodboard2.swift in Sources */,
				FF2FF5E12AD7F13B00689631 /* SwiftUIVieww.swift in Sources */,
				FF2FF5DF2AD7F12300689631 /* texxxt.swift in Sources */,
			);
			runOnlyForDeploymentPostprocessing = 0;
		};
/* End PBXSourcesBuildPhase section */

/* Begin XCBuildConfiguration section */
		FF2FF5D92AD7EF8F00689631 /* Debug */ = {
			isa = XCBuildConfiguration;
			buildSettings = {
				ALWAYS_SEARCH_USER_PATHS = NO;
				ASSETCATALOG_COMPILER_GENERATE_SWIFT_ASSET_SYMBOL_EXTENSIONS = YES;
				CLANG_ANALYZER_NONNULL = YES;
				CLANG_ANALYZER_NUMBER_OBJECT_CONVERSION = YES_AGGRESSIVE;
				CLANG_CXX_LANGUAGE_STANDARD = "gnu++20";
				CLANG_ENABLE_MODULES = YES;
				CLANG_ENABLE_OBJC_ARC = YES;
				CLANG_ENABLE_OBJC_WEAK = YES;
				CLANG_WARN_BLOCK_CAPTURE_AUTORELEASING = YES;
				CLANG_WARN_BOOL_CONVERSION = YES;
				CLANG_WARN_COMMA = YES;
				CLANG_WARN_CONSTANT_CONVERSION = YES;
				CLANG_WARN_DEPRECATED_OBJC_IMPLEMENTATIONS = YES;
				CLANG_WARN_DIRECT_OBJC_ISA_USAGE = YES_ERROR;
				CLANG_WARN_DOCUMENTATION_COMMENTS = YES;
				CLANG_WARN_EMPTY_BODY = YES;
				CLANG_WARN_ENUM_CONVERSION = YES;
				CLANG_WARN_INFINITE_RECURSION = YES;
				CLANG_WARN_INT_CONVERSION = YES;
				CLANG_WARN_NON_LITERAL_NULL_CONVERSION = YES;
				CLANG_WARN_OBJC_IMPLICIT_RETAIN_SELF = YES;
				CLANG_WARN_OBJC_LITERAL_CONVERSION = YES;
				CLANG_WARN_OBJC_ROOT_CLASS = YES_ERROR;
				CLANG_WARN_QUOTED_INCLUDE_IN_FRAMEWORK_HEADER = YES;
				CLANG_WARN_RANGE_LOOP_ANALYSIS = YES;
				CLANG_WARN_STRICT_PROTOTYPES = YES;
				CLANG_WARN_SUSPICIOUS_MOVE = YES;
				CLANG_WARN_UNGUARDED_AVAILABILITY = YES_AGGRESSIVE;
				CLANG_WARN_UNREACHABLE_CODE = YES;
				CLANG_WARN__DUPLICATE_METHOD_MATCH = YES;
				COPY_PHASE_STRIP = NO;
				DEBUG_INFORMATION_FORMAT = dwarf;
				ENABLE_STRICT_OBJC_MSGSEND = YES;
				ENABLE_TESTABILITY = YES;
				ENABLE_USER_SCRIPT_SANDBOXING = YES;
				GCC_C_LANGUAGE_STANDARD = gnu17;
				GCC_DYNAMIC_NO_PIC = NO;
				GCC_NO_COMMON_BLOCKS = YES;
				GCC_OPTIMIZATION_LEVEL = 0;
				GCC_PREPROCESSOR_DEFINITIONS = (
					"DEBUG=1",
					"$(inherited)",
				);
				GCC_WARN_64_TO_32_BIT_CONVERSION = YES;
				GCC_WARN_ABOUT_RETURN_TYPE = YES_ERROR;
				GCC_WARN_UNDECLARED_SELECTOR = YES;
				GCC_WARN_UNINITIALIZED_AUTOS = YES_AGGRESSIVE;
				GCC_WARN_UNUSED_FUNCTION = YES;
				GCC_WARN_UNUSED_VARIABLE = YES;
				IPHONEOS_DEPLOYMENT_TARGET = 17.0;
				LOCALIZATION_PREFERS_STRING_CATALOGS = YES;
				MTL_ENABLE_DEBUG_INFO = INCLUDE_SOURCE;
				MTL_FAST_MATH = YES;
				ONLY_ACTIVE_ARCH = YES;
				SDKROOT = iphoneos;
				SWIFT_ACTIVE_COMPILATION_CONDITIONS = "DEBUG $(inherited)";
				SWIFT_OPTIMIZATION_LEVEL = "-Onone";
			};
			name = Debug;
		};
		FF2FF5DA2AD7EF8F00689631 /* Release */ = {
			isa = XCBuildConfiguration;
			buildSettings = {
				ALWAYS_SEARCH_USER_PATHS = NO;
				ASSETCATALOG_COMPILER_GENERATE_SWIFT_ASSET_SYMBOL_EXTENSIONS = YES;
				CLANG_ANALYZER_NONNULL = YES;
				CLANG_ANALYZER_NUMBER_OBJECT_CONVERSION = YES_AGGRESSIVE;
				CLANG_CXX_LANGUAGE_STANDARD = "gnu++20";
				CLANG_ENABLE_MODULES = YES;
				CLANG_ENABLE_OBJC_ARC = YES;
				CLANG_ENABLE_OBJC_WEAK = YES;
				CLANG_WARN_BLOCK_CAPTURE_AUTORELEASING = YES;
				CLANG_WARN_BOOL_CONVERSION = YES;
				CLANG_WARN_COMMA = YES;
				CLANG_WARN_CONSTANT_CONVERSION = YES;
				CLANG_WARN_DEPRECATED_OBJC_IMPLEMENTATIONS = YES;
				CLANG_WARN_DIRECT_OBJC_ISA_USAGE = YES_ERROR;
				CLANG_WARN_DOCUMENTATION_COMMENTS = YES;
				CLANG_WARN_EMPTY_BODY = YES;
				CLANG_WARN_ENUM_CONVERSION = YES;
				CLANG_WARN_INFINITE_RECURSION = YES;
				CLANG_WARN_INT_CONVERSION = YES;
				CLANG_WARN_NON_LITERAL_NULL_CONVERSION = YES;
				CLANG_WARN_OBJC_IMPLICIT_RETAIN_SELF = YES;
				CLANG_WARN_OBJC_LITERAL_CONVERSION = YES;
				CLANG_WARN_OBJC_ROOT_CLASS = YES_ERROR;
				CLANG_WARN_QUOTED_INCLUDE_IN_FRAMEWORK_HEADER = YES;
				CLANG_WARN_RANGE_LOOP_ANALYSIS = YES;
				CLANG_WARN_STRICT_PROTOTYPES = YES;
				CLANG_WARN_SUSPICIOUS_MOVE = YES;
				CLANG_WARN_UNGUARDED_AVAILABILITY = YES_AGGRESSIVE;
				CLANG_WARN_UNREACHABLE_CODE = YES;
				CLANG_WARN__DUPLICATE_METHOD_MATCH = YES;
				COPY_PHASE_STRIP = NO;
				DEBUG_INFORMATION_FORMAT = "dwarf-with-dsym";
				ENABLE_NS_ASSERTIONS = NO;
				ENABLE_STRICT_OBJC_MSGSEND = YES;
				ENABLE_USER_SCRIPT_SANDBOXING = YES;
				GCC_C_LANGUAGE_STANDARD = gnu17;
				GCC_NO_COMMON_BLOCKS = YES;
				GCC_WARN_64_TO_32_BIT_CONVERSION = YES;
				GCC_WARN_ABOUT_RETURN_TYPE = YES_ERROR;
				GCC_WARN_UNDECLARED_SELECTOR = YES;
				GCC_WARN_UNINITIALIZED_AUTOS = YES_AGGRESSIVE;
				GCC_WARN_UNUSED_FUNCTION = YES;
				GCC_WARN_UNUSED_VARIABLE = YES;
				IPHONEOS_DEPLOYMENT_TARGET = 17.0;
				LOCALIZATION_PREFERS_STRING_CATALOGS = YES;
				MTL_ENABLE_DEBUG_INFO = NO;
				MTL_FAST_MATH = YES;
				SDKROOT = iphoneos;
				SWIFT_COMPILATION_MODE = wholemodule;
				VALIDATE_PRODUCT = YES;
			};
			name = Release;
		};
		FF2FF5DC2AD7EF8F00689631 /* Debug */ = {
			isa = XCBuildConfiguration;
			buildSettings = {
				ASSETCATALOG_COMPILER_APPICON_NAME = AppIcon;
				ASSETCATALOG_COMPILER_GLOBAL_ACCENT_COLOR_NAME = AccentColor;
				CODE_SIGN_STYLE = Automatic;
				CURRENT_PROJECT_VERSION = 1;
				DEVELOPMENT_ASSET_PATHS = "\"BASS/Preview Content\"";
				ENABLE_PREVIEWS = YES;
				GENERATE_INFOPLIST_FILE = YES;
				INFOPLIST_FILE = BASS/Info.plist;
				INFOPLIST_KEY_UIApplicationSceneManifest_Generation = YES;
				INFOPLIST_KEY_UIApplicationSupportsIndirectInputEvents = YES;
				INFOPLIST_KEY_UILaunchScreen_Generation = YES;
				INFOPLIST_KEY_UISupportedInterfaceOrientations_iPad = "UIInterfaceOrientationPortrait UIInterfaceOrientationPortraitUpsideDown UIInterfaceOrientationLandscapeLeft UIInterfaceOrientationLandscapeRight";
				INFOPLIST_KEY_UISupportedInterfaceOrientations_iPhone = "UIInterfaceOrientationPortrait UIInterfaceOrientationLandscapeLeft UIInterfaceOrientationLandscapeRight";
				LD_RUNPATH_SEARCH_PATHS = (
					"$(inherited)",
					"@executable_path/Frameworks",
				);
				MARKETING_VERSION = 1.0;
				PRODUCT_BUNDLE_IDENTIFIER = h.BASS;
				PRODUCT_NAME = "$(TARGET_NAME)";
				SWIFT_EMIT_LOC_STRINGS = YES;
				SWIFT_VERSION = 5.0;
				TARGETED_DEVICE_FAMILY = "1,2";
			};
			name = Debug;
		};
		FF2FF5DD2AD7EF8F00689631 /* Release */ = {
			isa = XCBuildConfiguration;
			buildSettings = {
				ASSETCATALOG_COMPILER_APPICON_NAME = AppIcon;
				ASSETCATALOG_COMPILER_GLOBAL_ACCENT_COLOR_NAME = AccentColor;
				CODE_SIGN_STYLE = Automatic;
				CURRENT_PROJECT_VERSION = 1;
				DEVELOPMENT_ASSET_PATHS = "\"BASS/Preview Content\"";
				ENABLE_PREVIEWS = YES;
				GENERATE_INFOPLIST_FILE = YES;
				INFOPLIST_FILE = BASS/Info.plist;
				INFOPLIST_KEY_UIApplicationSceneManifest_Generation = YES;
				INFOPLIST_KEY_UIApplicationSupportsIndirectInputEvents = YES;
				INFOPLIST_KEY_UILaunchScreen_Generation = YES;
				INFOPLIST_KEY_UISupportedInterfaceOrientations_iPad = "UIInterfaceOrientationPortrait UIInterfaceOrientationPortraitUpsideDown UIInterfaceOrientationLandscapeLeft UIInterfaceOrientationLandscapeRight";
				INFOPLIST_KEY_UISupportedInterfaceOrientations_iPhone = "UIInterfaceOrientationPortrait UIInterfaceOrientationLandscapeLeft UIInterfaceOrientationLandscapeRight";
				LD_RUNPATH_SEARCH_PATHS = (
					"$(inherited)",
					"@executable_path/Frameworks",
				);
				MARKETING_VERSION = 1.0;
				PRODUCT_BUNDLE_IDENTIFIER = h.BASS;
				PRODUCT_NAME = "$(TARGET_NAME)";
				SWIFT_EMIT_LOC_STRINGS = YES;
				SWIFT_VERSION = 5.0;
				TARGETED_DEVICE_FAMILY = "1,2";
			};
			name = Release;
		};
/* End XCBuildConfiguration section */

/* Begin XCConfigurationList section */
		FF2FF5C82AD7EF8E00689631 /* Build configuration list for PBXProject "BASS" */ = {
			isa = XCConfigurationList;
			buildConfigurations = (
				FF2FF5D92AD7EF8F00689631 /* Debug */,
				FF2FF5DA2AD7EF8F00689631 /* Release */,
			);
			defaultConfigurationIsVisible = 0;
			defaultConfigurationName = Release;
		};
		FF2FF5DB2AD7EF8F00689631 /* Build configuration list for PBXNativeTarget "BASS" */ = {
			isa = XCConfigurationList;
			buildConfigurations = (
				FF2FF5DC2AD7EF8F00689631 /* Debug */,
				FF2FF5DD2AD7EF8F00689631 /* Release */,
			);
			defaultConfigurationIsVisible = 0;
			defaultConfigurationName = Release;
		};
/* End XCConfigurationList section */
	};
	rootObject = FF2FF5C52AD7EF8E00689631 /* Project object */;
}
